
Microsoft Visual Studio Solution File, Format Version 12.00
# Visual Studio Version 17
VisualStudioVersion = 17.5.002.0
MinimumVisualStudioVersion = 10.0.40219.1
Project("{9A19103F-16F7-4668-BE54-9A1E7A4F7556}") = "SalesWebMvc", "SalesWebMvc.csproj", "{4390A299-4532-4426-973D-1F1E658F3F09}"
EndProject
Global
	GlobalSection(SolutionConfigurationPlatforms) = preSolution
		Debug|Any CPU = Debug|Any CPU
		Release|Any CPU = Release|Any CPU
	EndGlobalSection
	GlobalSection(ProjectConfigurationPlatforms) = postSolution
		{4390A299-4532-4426-973D-1F1E658F3F09}.Debug|Any CPU.ActiveCfg = Debug|Any CPU
		{4390A299-4532-4426-973D-1F1E658F3F09}.Debug|Any CPU.Build.0 = Debug|Any CPU
		{4390A299-4532-4426-973D-1F1E658F3F09}.Release|Any CPU.ActiveCfg = Release|Any CPU
		{4390A299-4532-4426-973D-1F1E658F3F09}.Release|Any CPU.Build.0 = Release|Any CPU
	EndGlobalSection
	GlobalSection(SolutionProperties) = preSolution
		HideSolutionNode = FALSE
	EndGlobalSection
	GlobalSection(ExtensibilityGlobals) = postSolution
		SolutionGuid = {BFAA7073-44BD-4F45-B322-410DBF9D3540}
	EndGlobalSection
EndGlobal
